github.com/antage/eventsource v0.0.0-20220422142129-c4aae935d5bd h1:FD3sn3oFA0wySr3iH+47H3lIts9qT9nZfoF935hxaH0=
github.com/antage/eventsource v0.0.0-20220422142129-c4aae935d5bd/go.mod h1:jXAZMa2S7OGjBCXWeQVOIZd+LXToszS2zCh0NiHRGvE=
github.com/google/uuid v1.3.0 h1:t6JiXgmwXMjEs8VusXIJk2BXHsn+wx8BZdTaoZ5fu7I=
github.com/google/uuid v1.3.0/go.mod h1:TIyPZe4MgqvfeYDBFedMoGGpEw/LqOeaOT+nhxU+yHo=
github.com/gorilla/websocket v1.5.0 h1:PPwGk2jz7EePpoHN/+ClbZu8SPxiqlu12wZP/3sWmnc=
github.com/gorilla/websocket v1.5.0/go.mod h1:YR8l580nyteQvAITg2hZ9XVh4b55+EU/adAjf1fMHhE=
